
Microsoft Visual Studio Solution File, Format Version 12.00
# Visual Studio Version 17
VisualStudioVersion = 17.1.32421.90
MinimumVisualStudioVersion = 10.0.40219.1
Project("{FAE04EC0-301F-11D3-BF4B-00C04F79EFBC}") = "RealEstates.Data", "RealEstates.Data\RealEstates.Data.csproj", "{22622ADB-E843-4C61-84EB-873F2D4B5D24}"
EndProject
Project("{FAE04EC0-301F-11D3-BF4B-00C04F79EFBC}") = "RealEstates.Models", "RealEstates.Models\RealEstates.Models.csproj", "{1475F90B-2BB6-4F7D-B008-E4650F9CAE84}"
EndProject
Project("{FAE04EC0-301F-11D3-BF4B-00C04F79EFBC}") = "RealEstates.Services", "RealEstates.Services\RealEstates.Services.csproj", "{0C87DCD0-E956-48F5-B209-4E63D0014266}"
EndProject
Project("{FAE04EC0-301F-11D3-BF4B-00C04F79EFBC}") = "RealEstates.Importer", "RealEstates.Importer\RealEstates.Importer.csproj", "{DCE0DB59-E5D1-4F43-BE7E-2D273A22E872}"
EndProject
Project("{FAE04EC0-301F-11D3-BF4B-00C04F79EFBC}") = "RealEstates.ConsoleApplication", "RealEstates.ConsoleApplication\RealEstates.ConsoleApplication.csproj", "{B5B969D1-E9DB-45B8-A3EF-9315F07C141F}"
EndProject
Global
	GlobalSection(SolutionConfigurationPlatforms) = preSolution
		Debug|Any CPU = Debug|Any CPU
		Release|Any CPU = Release|Any CPU
	EndGlobalSection
	GlobalSection(ProjectConfigurationPlatforms) = postSolution
		{22622ADB-E843-4C61-84EB-873F2D4B5D24}.Debug|Any CPU.ActiveCfg = Debug|Any CPU
		{22622ADB-E843-4C61-84EB-873F2D4B5D24}.Debug|Any CPU.Build.0 = Debug|Any CPU
		{22622ADB-E843-4C61-84EB-873F2D4B5D24}.Release|Any CPU.ActiveCfg = Release|Any CPU
		{22622ADB-E843-4C61-84EB-873F2D4B5D24}.Release|Any CPU.Build.0 = Release|Any CPU
		{1475F90B-2BB6-4F7D-B008-E4650F9CAE84}.Debug|Any CPU.ActiveCfg = Debug|Any CPU
		{1475F90B-2BB6-4F7D-B008-E4650F9CAE84}.Debug|Any CPU.Build.0 = Debug|Any CPU
		{1475F90B-2BB6-4F7D-B008-E4650F9CAE84}.Release|Any CPU.ActiveCfg = Release|Any CPU
		{1475F90B-2BB6-4F7D-B008-E4650F9CAE84}.Release|Any CPU.Build.0 = Release|Any CPU
		{0C87DCD0-E956-48F5-B209-4E63D0014266}.Debug|Any CPU.ActiveCfg = Debug|Any CPU
		{0C87DCD0-E956-48F5-B209-4E63D0014266}.Debug|Any CPU.Build.0 = Debug|Any CPU
		{0C87DCD0-E956-48F5-B209-4E63D0014266}.Release|Any CPU.ActiveCfg = Release|Any CPU
		{0C87DCD0-E956-48F5-B209-4E63D0014266}.Release|Any CPU.Build.0 = Release|Any CPU
		{DCE0DB59-E5D1-4F43-BE7E-2D273A22E872}.Debug|Any CPU.ActiveCfg = Debug|Any CPU
		{DCE0DB59-E5D1-4F43-BE7E-2D273A22E872}.Debug|Any CPU.Build.0 = Debug|Any CPU
		{DCE0DB59-E5D1-4F43-BE7E-2D273A22E872}.Release|Any CPU.ActiveCfg = Release|Any CPU
		{DCE0DB59-E5D1-4F43-BE7E-2D273A22E872}.Release|Any CPU.Build.0 = Release|Any CPU
		{B5B969D1-E9DB-45B8-A3EF-9315F07C141F}.Debug|Any CPU.ActiveCfg = Debug|Any CPU
		{B5B969D1-E9DB-45B8-A3EF-9315F07C141F}.Debug|Any CPU.Build.0 = Debug|Any CPU
		{B5B969D1-E9DB-45B8-A3EF-9315F07C141F}.Release|Any CPU.ActiveCfg = Release|Any CPU
		{B5B969D1-E9DB-45B8-A3EF-9315F07C141F}.Release|Any CPU.Build.0 = Release|Any CPU
	EndGlobalSection
	GlobalSection(SolutionProperties) = preSolution
		HideSolutionNode = FALSE
	EndGlobalSection
	GlobalSection(ExtensibilityGlobals) = postSolution
		SolutionGuid = {07060A47-02F1-41DB-8CBD-B51F5EC89747}
	EndGlobalSection
EndGlobal
